// !$*UTF8*$!
{
	archiveVersion = 1;
	classes = {
	};
	objectVersion = 46;
	objects = {

/* Begin PBXBuildFile section */
		0B1873EF1BF873F30046C82F /* LabelCell.swift in Sources */ = {isa = PBXBuildFile; fileRef = 0B1873EE1BF873F30046C82F /* LabelCell.swift */; };
		E7422F251BF7250200EA8455 /* AppDelegate.swift in Sources */ = {isa = PBXBuildFile; fileRef = E7422F241BF7250200EA8455 /* AppDelegate.swift */; };
		E7422F271BF7250200EA8455 /* ProfileDetailViewController.swift in Sources */ = {isa = PBXBuildFile; fileRef = E7422F261BF7250200EA8455 /* ProfileDetailViewController.swift */; };
		E7422F2A1BF7250200EA8455 /* Main.storyboard in Resources */ = {isa = PBXBuildFile; fileRef = E7422F281BF7250200EA8455 /* Main.storyboard */; };
		E7422F2C1BF7250200EA8455 /* Assets.xcassets in Resources */ = {isa = PBXBuildFile; fileRef = E7422F2B1BF7250200EA8455 /* Assets.xcassets */; };
		E7422F2F1BF7250200EA8455 /* LaunchScreen.storyboard in Resources */ = {isa = PBXBuildFile; fileRef = E7422F2D1BF7250200EA8455 /* LaunchScreen.storyboard */; };
		E7422F3A1BF7250200EA8455 /* DineProTests.swift in Sources */ = {isa = PBXBuildFile; fileRef = E7422F391BF7250200EA8455 /* DineProTests.swift */; };
		E7422F451BF7250200EA8455 /* DineProUITests.swift in Sources */ = {isa = PBXBuildFile; fileRef = E7422F441BF7250200EA8455 /* DineProUITests.swift */; };
		E7422F571BF7475200EA8455 /* ProfileViewController.swift in Sources */ = {isa = PBXBuildFile; fileRef = E7422F561BF7475200EA8455 /* ProfileViewController.swift */; };
		E7470E561BF784DE009AC519 /* Person.swift in Sources */ = {isa = PBXBuildFile; fileRef = E7470E541BF784DE009AC519 /* Person.swift */; };
		E7470E571BF784DE009AC519 /* Event.swift in Sources */ = {isa = PBXBuildFile; fileRef = E7470E551BF784DE009AC519 /* Event.swift */; };
		E7470E591BF78548009AC519 /* EventManager.swift in Sources */ = {isa = PBXBuildFile; fileRef = E7470E581BF78547009AC519 /* EventManager.swift */; };
		E7470E5B1BF78F69009AC519 /* AddEventController.swift in Sources */ = {isa = PBXBuildFile; fileRef = E7470E5A1BF78F69009AC519 /* AddEventController.swift */; };
		E794D42D1BF799E9002F5DBE /* ListViewController.swift in Sources */ = {isa = PBXBuildFile; fileRef = E794D42C1BF799E9002F5DBE /* ListViewController.swift */; };
		E794D42F1BF79EC0002F5DBE /* PersonManager.swift in Sources */ = {isa = PBXBuildFile; fileRef = E794D42E1BF79EC0002F5DBE /* PersonManager.swift */; };
/* End PBXBuildFile section */

/* Begin PBXContainerItemProxy section */
		E7422F361BF7250200EA8455 /* PBXContainerItemProxy */ = {
			isa = PBXContainerItemProxy;
			containerPortal = E7422F191BF7250200EA8455 /* Project object */;
			proxyType = 1;
			remoteGlobalIDString = E7422F201BF7250200EA8455;
			remoteInfo = DinePro;
		};
		E7422F411BF7250200EA8455 /* PBXContainerItemProxy */ = {
			isa = PBXContainerItemProxy;
			containerPortal = E7422F191BF7250200EA8455 /* Project object */;
			proxyType = 1;
			remoteGlobalIDString = E7422F201BF7250200EA8455;
			remoteInfo = DinePro;
		};
/* End PBXContainerItemProxy section */

/* Begin PBXFileReference section */
		0B1873EE1BF873F30046C82F /* LabelCell.swift */ = {isa = PBXFileReference; fileEncoding = 4; lastKnownFileType = sourcecode.swift; path = LabelCell.swift; sourceTree = "<group>"; };
		E7422F211BF7250200EA8455 /* DinePro.app */ = {isa = PBXFileReference; explicitFileType = wrapper.application; includeInIndex = 0; path = DinePro.app; sourceTree = BUILT_PRODUCTS_DIR; };
		E7422F241BF7250200EA8455 /* AppDelegate.swift */ = {isa = PBXFileReference; lastKnownFileType = sourcecode.swift; path = AppDelegate.swift; sourceTree = "<group>"; };
		E7422F261BF7250200EA8455 /* ProfileDetailViewController.swift */ = {isa = PBXFileReference; lastKnownFileType = sourcecode.swift; path = ProfileDetailViewController.swift; sourceTree = "<group>"; };
		E7422F291BF7250200EA8455 /* Base */ = {isa = PBXFileReference; lastKnownFileType = file.storyboard; name = Base; path = Base.lproj/Main.storyboard; sourceTree = "<group>"; };
		E7422F2B1BF7250200EA8455 /* Assets.xcassets */ = {isa = PBXFileReference; lastKnownFileType = folder.assetcatalog; path = Assets.xcassets; sourceTree = "<group>"; };
		E7422F2E1BF7250200EA8455 /* Base */ = {isa = PBXFileReference; lastKnownFileType = file.storyboard; name = Base; path = Base.lproj/LaunchScreen.storyboard; sourceTree = "<group>"; };
		E7422F301BF7250200EA8455 /* Info.plist */ = {isa = PBXFileReference; lastKnownFileType = text.plist.xml; path = Info.plist; sourceTree = "<group>"; };
		E7422F351BF7250200EA8455 /* DineProTests.xctest */ = {isa = PBXFileReference; explicitFileType = wrapper.cfbundle; includeInIndex = 0; path = DineProTests.xctest; sourceTree = BUILT_PRODUCTS_DIR; };
		E7422F391BF7250200EA8455 /* DineProTests.swift */ = {isa = PBXFileReference; lastKnownFileType = sourcecode.swift; path = DineProTests.swift; sourceTree = "<group>"; };
		E7422F3B1BF7250200EA8455 /* Info.plist */ = {isa = PBXFileReference; lastKnownFileType = text.plist.xml; path = Info.plist; sourceTree = "<group>"; };
		E7422F401BF7250200EA8455 /* DineProUITests.xctest */ = {isa = PBXFileReference; explicitFileType = wrapper.cfbundle; includeInIndex = 0; path = DineProUITests.xctest; sourceTree = BUILT_PRODUCTS_DIR; };
		E7422F441BF7250200EA8455 /* DineProUITests.swift */ = {isa = PBXFileReference; lastKnownFileType = sourcecode.swift; path = DineProUITests.swift; sourceTree = "<group>"; };
		E7422F461BF7250200EA8455 /* Info.plist */ = {isa = PBXFileReference; lastKnownFileType = text.plist.xml; path = Info.plist; sourceTree = "<group>"; };
		E7422F561BF7475200EA8455 /* ProfileViewController.swift */ = {isa = PBXFileReference; fileEncoding = 4; lastKnownFileType = sourcecode.swift; path = ProfileViewController.swift; sourceTree = "<group>"; };
		E7470E541BF784DE009AC519 /* Person.swift */ = {isa = PBXFileReference; fileEncoding = 4; lastKnownFileType = sourcecode.swift; path = Person.swift; sourceTree = "<group>"; };
		E7470E551BF784DE009AC519 /* Event.swift */ = {isa = PBXFileReference; fileEncoding = 4; lastKnownFileType = sourcecode.swift; path = Event.swift; sourceTree = "<group>"; };
		E7470E581BF78547009AC519 /* EventManager.swift */ = {isa = PBXFileReference; fileEncoding = 4; lastKnownFileType = sourcecode.swift; path = EventManager.swift; sourceTree = "<group>"; };
		E7470E5A1BF78F69009AC519 /* AddEventController.swift */ = {isa = PBXFileReference; fileEncoding = 4; lastKnownFileType = sourcecode.swift; path = AddEventController.swift; sourceTree = "<group>"; };
		E794D42C1BF799E9002F5DBE /* ListViewController.swift */ = {isa = PBXFileReference; fileEncoding = 4; lastKnownFileType = sourcecode.swift; path = ListViewController.swift; sourceTree = "<group>"; };
		E794D42E1BF79EC0002F5DBE /* PersonManager.swift */ = {isa = PBXFileReference; fileEncoding = 4; lastKnownFileType = sourcecode.swift; path = PersonManager.swift; sourceTree = "<group>"; };
/* End PBXFileReference section */

/* Begin PBXFrameworksBuildPhase section */
		E7422F1E1BF7250200EA8455 /* Frameworks */ = {
			isa = PBXFrameworksBuildPhase;
			buildActionMask = 2147483647;
			files = (
			);
			runOnlyForDeploymentPostprocessing = 0;
		};
		E7422F321BF7250200EA8455 /* Frameworks */ = {
			isa = PBXFrameworksBuildPhase;
			buildActionMask = 2147483647;
			files = (
			);
			runOnlyForDeploymentPostprocessing = 0;
		};
		E7422F3D1BF7250200EA8455 /* Frameworks */ = {
			isa = PBXFrameworksBuildPhase;
			buildActionMask = 2147483647;
			files = (
			);
			runOnlyForDeploymentPostprocessing = 0;
		};
/* End PBXFrameworksBuildPhase section */

/* Begin PBXGroup section */
		E7422F181BF7250200EA8455 = {
			isa = PBXGroup;
			children = (
				E7422F231BF7250200EA8455 /* DinePro */,
				E7422F381BF7250200EA8455 /* DineProTests */,
				E7422F431BF7250200EA8455 /* DineProUITests */,
				E7422F221BF7250200EA8455 /* Products */,
			);
			sourceTree = "<group>";
		};
		E7422F221BF7250200EA8455 /* Products */ = {
			isa = PBXGroup;
			children = (
				E7422F211BF7250200EA8455 /* DinePro.app */,
				E7422F351BF7250200EA8455 /* DineProTests.xctest */,
				E7422F401BF7250200EA8455 /* DineProUITests.xctest */,
			);
			name = Products;
			sourceTree = "<group>";
		};
		E7422F231BF7250200EA8455 /* DinePro */ = {
			isa = PBXGroup;
			children = (
				E7470E551BF784DE009AC519 /* Event.swift */,
				E7470E581BF78547009AC519 /* EventManager.swift */,
				E7470E541BF784DE009AC519 /* Person.swift */,
				E794D42E1BF79EC0002F5DBE /* PersonManager.swift */,
				E7422F241BF7250200EA8455 /* AppDelegate.swift */,
				E7422F261BF7250200EA8455 /* ProfileDetailViewController.swift */,
				E7422F281BF7250200EA8455 /* Main.storyboard */,
				0B1873EE1BF873F30046C82F /* LabelCell.swift */,
				E794D42C1BF799E9002F5DBE /* ListViewController.swift */,
				E7422F561BF7475200EA8455 /* ProfileViewController.swift */,
				E7422F2B1BF7250200EA8455 /* Assets.xcassets */,
				E7422F2D1BF7250200EA8455 /* LaunchScreen.storyboard */,
				E7422F301BF7250200EA8455 /* Info.plist */,
				E7470E5A1BF78F69009AC519 /* AddEventController.swift */,
			);
			path = DinePro;
			sourceTree = "<group>";
		};
		E7422F381BF7250200EA8455 /* DineProTests */ = {
			isa = PBXGroup;
			children = (
				E7422F391BF7250200EA8455 /* DineProTests.swift */,
				E7422F3B1BF7250200EA8455 /* Info.plist */,
			);
			path = DineProTests;
			sourceTree = "<group>";
		};
		E7422F431BF7250200EA8455 /* DineProUITests */ = {
			isa = PBXGroup;
			children = (
				E7422F441BF7250200EA8455 /* DineProUITests.swift */,
				E7422F461BF7250200EA8455 /* Info.plist */,
			);
			path = DineProUITests;
			sourceTree = "<group>";
		};
/* End PBXGroup section */

/* Begin PBXNativeTarget section */
		E7422F201BF7250200EA8455 /* DinePro */ = {
			isa = PBXNativeTarget;
			buildConfigurationList = E7422F491BF7250200EA8455 /* Build configuration list for PBXNativeTarget "DinePro" */;
			buildPhases = (
				E7422F1D1BF7250200EA8455 /* Sources */,
				E7422F1E1BF7250200EA8455 /* Frameworks */,
				E7422F1F1BF7250200EA8455 /* Resources */,
			);
			buildRules = (
			);
			dependencies = (
			);
			name = DinePro;
			productName = DinePro;
			productReference = E7422F211BF7250200EA8455 /* DinePro.app */;
			productType = "com.apple.product-type.application";
		};
		E7422F341BF7250200EA8455 /* DineProTests */ = {
			isa = PBXNativeTarget;
			buildConfigurationList = E7422F4C1BF7250200EA8455 /* Build configuration list for PBXNativeTarget "DineProTests" */;
			buildPhases = (
				E7422F311BF7250200EA8455 /* Sources */,
				E7422F321BF7250200EA8455 /* Frameworks */,
				E7422F331BF7250200EA8455 /* Resources */,
			);
			buildRules = (
			);
			dependencies = (
				E7422F371BF7250200EA8455 /* PBXTargetDependency */,
			);
			name = DineProTests;
			productName = DineProTests;
			productReference = E7422F351BF7250200EA8455 /* DineProTests.xctest */;
			productType = "com.apple.product-type.bundle.unit-test";
		};
		E7422F3F1BF7250200EA8455 /* DineProUITests */ = {
			isa = PBXNativeTarget;
			buildConfigurationList = E7422F4F1BF7250200EA8455 /* Build configuration list for PBXNativeTarget "DineProUITests" */;
			buildPhases = (
				E7422F3C1BF7250200EA8455 /* Sources */,
				E7422F3D1BF7250200EA8455 /* Frameworks */,
				E7422F3E1BF7250200EA8455 /* Resources */,
			);
			buildRules = (
			);
			dependencies = (
				E7422F421BF7250200EA8455 /* PBXTargetDependency */,
			);
			name = DineProUITests;
			productName = DineProUITests;
			productReference = E7422F401BF7250200EA8455 /* DineProUITests.xctest */;
			productType = "com.apple.product-type.bundle.ui-testing";
		};
/* End PBXNativeTarget section */

/* Begin PBXProject section */
		E7422F191BF7250200EA8455 /* Project object */ = {
			isa = PBXProject;
			attributes = {
				LastSwiftUpdateCheck = 0710;
				LastUpgradeCheck = 0710;
				ORGANIZATIONNAME = WuShiyao;
				TargetAttributes = {
					E7422F201BF7250200EA8455 = {
						CreatedOnToolsVersion = 7.1;
					};
					E7422F341BF7250200EA8455 = {
						CreatedOnToolsVersion = 7.1;
						TestTargetID = E7422F201BF7250200EA8455;
					};
					E7422F3F1BF7250200EA8455 = {
						CreatedOnToolsVersion = 7.1;
						TestTargetID = E7422F201BF7250200EA8455;
					};
				};
			};
			buildConfigurationList = E7422F1C1BF7250200EA8455 /* Build configuration list for PBXProject "DinePro" */;
			compatibilityVersion = "Xcode 3.2";
			developmentRegion = English;
			hasScannedForEncodings = 0;
			knownRegions = (
				en,
				Base,
			);
			mainGroup = E7422F181BF7250200EA8455;
			productRefGroup = E7422F221BF7250200EA8455 /* Products */;
			projectDirPath = "";
			projectRoot = "";
			targets = (
				E7422F201BF7250200EA8455 /* DinePro */,
				E7422F341BF7250200EA8455 /* DineProTests */,
				E7422F3F1BF7250200EA8455 /* DineProUITests */,
			);
		};
/* End PBXProject section */

/* Begin PBXResourcesBuildPhase section */
		E7422F1F1BF7250200EA8455 /* Resources */ = {
			isa = PBXResourcesBuildPhase;
			buildActionMask = 2147483647;
			files = (
				E7422F2F1BF7250200EA8455 /* LaunchScreen.storyboard in Resources */,
				E7422F2C1BF7250200EA8455 /* Assets.xcassets in Resources */,
				E7422F2A1BF7250200EA8455 /* Main.storyboard in Resources */,
			);
			runOnlyForDeploymentPostprocessing = 0;
		};
		E7422F331BF7250200EA8455 /* Resources */ = {
			isa = PBXResourcesBuildPhase;
			buildActionMask = 2147483647;
			files = (
			);
			runOnlyForDeploymentPostprocessing = 0;
		};
		E7422F3E1BF7250200EA8455 /* Resources */ = {
			isa = PBXResourcesBuildPhase;
			buildActionMask = 2147483647;
			files = (
			);
			runOnlyForDeploymentPostprocessing = 0;
		};
/* End PBXResourcesBuildPhase section */

/* Begin PBXSourcesBuildPhase section */
		E7422F1D1BF7250200EA8455 /* Sources */ = {
			isa = PBXSourcesBuildPhase;
			buildActionMask = 2147483647;
			files = (
				E7470E5B1BF78F69009AC519 /* AddEventController.swift in Sources */,
				E794D42F1BF79EC0002F5DBE /* PersonManager.swift in Sources */,
				E7470E591BF78548009AC519 /* EventManager.swift in Sources */,
				E7422F571BF7475200EA8455 /* ProfileViewController.swift in Sources */,
				E7422F271BF7250200EA8455 /* ProfileDetailViewController.swift in Sources */,
				E7470E561BF784DE009AC519 /* Person.swift in Sources */,
				E7422F251BF7250200EA8455 /* AppDelegate.swift in Sources */,
				0B1873EF1BF873F30046C82F /* LabelCell.swift in Sources */,
				E794D42D1BF799E9002F5DBE /* ListViewController.swift in Sources */,
				E7470E571BF784DE009AC519 /* Event.swift in Sources */,
			);
			runOnlyForDeploymentPostprocessing = 0;
		};
		E7422F311BF7250200EA8455 /* Sources */ = {
			isa = PBXSourcesBuildPhase;
			buildActionMask = 2147483647;
			files = (
				E7422F3A1BF7250200EA8455 /* DineProTests.swift in Sources */,
			);
			runOnlyForDeploymentPostprocessing = 0;
		};
		E7422F3C1BF7250200EA8455 /* Sources */ = {
			isa = PBXSourcesBuildPhase;
			buildActionMask = 2147483647;
			files = (
				E7422F451BF7250200EA8455 /* DineProUITests.swift in Sources */,
			);
			runOnlyForDeploymentPostprocessing = 0;
		};
/* End PBXSourcesBuildPhase section */

/* Begin PBXTargetDependency section */
		E7422F371BF7250200EA8455 /* PBXTargetDependency */ = {
			isa = PBXTargetDependency;
			target = E7422F201BF7250200EA8455 /* DinePro */;
			targetProxy = E7422F361BF7250200EA8455 /* PBXContainerItemProxy */;
		};
		E7422F421BF7250200EA8455 /* PBXTargetDependency */ = {
			isa = PBXTargetDependency;
			target = E7422F201BF7250200EA8455 /* DinePro */;
			targetProxy = E7422F411BF7250200EA8455 /* PBXContainerItemProxy */;
		};
/* End PBXTargetDependency section */

/* Begin PBXVariantGroup section */
		E7422F281BF7250200EA8455 /* Main.storyboard */ = {
			isa = PBXVariantGroup;
			children = (
				E7422F291BF7250200EA8455 /* Base */,
			);
			name = Main.storyboard;
			sourceTree = "<group>";
		};
		E7422F2D1BF7250200EA8455 /* LaunchScreen.storyboard */ = {
			isa = PBXVariantGroup;
			children = (
				E7422F2E1BF7250200EA8455 /* Base */,
			);
			name = LaunchScreen.storyboard;
			sourceTree = "<group>";
		};
/* End PBXVariantGroup section */

/* Begin XCBuildConfiguration section */
		E7422F471BF7250200EA8455 /* Debug */ = {
			isa = XCBuildConfiguration;
			buildSettings = {
				ALWAYS_SEARCH_USER_PATHS = NO;
				CLANG_CXX_LANGUAGE_STANDARD = "gnu++0x";
				CLANG_CXX_LIBRARY = "libc++";
				CLANG_ENABLE_MODULES = YES;
				CLANG_ENABLE_OBJC_ARC = YES;
				CLANG_WARN_BOOL_CONVERSION = YES;
				CLANG_WARN_CONSTANT_CONVERSION = YES;
				CLANG_WARN_DIRECT_OBJC_ISA_USAGE = YES_ERROR;
				CLANG_WARN_EMPTY_BODY = YES;
				CLANG_WARN_ENUM_CONVERSION = YES;
				CLANG_WARN_INT_CONVERSION = YES;
				CLANG_WARN_OBJC_ROOT_CLASS = YES_ERROR;
				CLANG_WARN_UNREACHABLE_CODE = YES;
				CLANG_WARN__DUPLICATE_METHOD_MATCH = YES;
				"CODE_SIGN_IDENTITY[sdk=iphoneos*]" = "iPhone Developer";
				COPY_PHASE_STRIP = NO;
				DEBUG_INFORMATION_FORMAT = dwarf;
				ENABLE_STRICT_OBJC_MSGSEND = YES;
				ENABLE_TESTABILITY = YES;
				GCC_C_LANGUAGE_STANDARD = gnu99;
				GCC_DYNAMIC_NO_PIC = NO;
				GCC_NO_COMMON_BLOCKS = YES;
				GCC_OPTIMIZATION_LEVEL = 0;
				GCC_PREPROCESSOR_DEFINITIONS = (
					"DEBUG=1",
					"$(inherited)",
				);
				GCC_WARN_64_TO_32_BIT_CONVERSION = YES;
				GCC_WARN_ABOUT_RETURN_TYPE = YES_ERROR;
				GCC_WARN_UNDECLARED_SELECTOR = YES;
				GCC_WARN_UNINITIALIZED_AUTOS = YES_AGGRESSIVE;
				GCC_WARN_UNUSED_FUNCTION = YES;
				GCC_WARN_UNUSED_VARIABLE = YES;
				IPHONEOS_DEPLOYMENT_TARGET = 9.1;
				MTL_ENABLE_DEBUG_INFO = YES;
				ONLY_ACTIVE_ARCH = YES;
				SDKROOT = iphoneos;
				SWIFT_OPTIMIZATION_LEVEL = "-Onone";
			};
			name = Debug;
		};
		E7422F481BF7250200EA8455 /* Release */ = {
			isa = XCBuildConfiguration;
			buildSettings = {
				ALWAYS_SEARCH_USER_PATHS = NO;
				CLANG_CXX_LANGUAGE_STANDARD = "gnu++0x";
				CLANG_CXX_LIBRARY = "libc++";
				CLANG_ENABLE_MODULES = YES;
				CLANG_ENABLE_OBJC_ARC = YES;
				CLANG_WARN_BOOL_CONVERSION = YES;
				CLANG_WARN_CONSTANT_CONVERSION = YES;
				CLANG_WARN_DIRECT_OBJC_ISA_USAGE = YES_ERROR;
				CLANG_WARN_EMPTY_BODY = YES;
				CLANG_WARN_ENUM_CONVERSION = YES;
				CLANG_WARN_INT_CONVERSION = YES;
				CLANG_WARN_OBJC_ROOT_CLASS = YES_ERROR;
				CLANG_WARN_UNREACHABLE_CODE = YES;
				CLANG_WARN__DUPLICATE_METHOD_MATCH = YES;
				"CODE_SIGN_IDENTITY[sdk=iphoneos*]" = "iPhone Developer";
				COPY_PHASE_STRIP = NO;
				DEBUG_INFORMATION_FORMAT = "dwarf-with-dsym";
				ENABLE_NS_ASSERTIONS = NO;
				ENABLE_STRICT_OBJC_MSGSEND = YES;
				GCC_C_LANGUAGE_STANDARD = gnu99;
				GCC_NO_COMMON_BLOCKS = YES;
				GCC_WARN_64_TO_32_BIT_CONVERSION = YES;
				GCC_WARN_ABOUT_RETURN_TYPE = YES_ERROR;
				GCC_WARN_UNDECLARED_SELECTOR = YES;
				GCC_WARN_UNINITIALIZED_AUTOS = YES_AGGRESSIVE;
				GCC_WARN_UNUSED_FUNCTION = YES;
				GCC_WARN_UNUSED_VARIABLE = YES;
				IPHONEOS_DEPLOYMENT_TARGET = 9.1;
				MTL_ENABLE_DEBUG_INFO = NO;
				SDKROOT = iphoneos;
				VALIDATE_PRODUCT = YES;
			};
			name = Release;
		};
		E7422F4A1BF7250200EA8455 /* Debug */ = {
			isa = XCBuildConfiguration;
			buildSettings = {
				ASSETCATALOG_COMPILER_APPICON_NAME = AppIcon;
				INFOPLIST_FILE = DinePro/Info.plist;
				LD_RUNPATH_SEARCH_PATHS = "$(inherited) @executable_path/Frameworks";
				PRODUCT_BUNDLE_IDENTIFIER = com.shiyaowu.DinePro;
				PRODUCT_NAME = "$(TARGET_NAME)";
			};
			name = Debug;
		};
		E7422F4B1BF7250200EA8455 /* Release */ = {
			isa = XCBuildConfiguration;
			buildSettings = {
				ASSETCATALOG_COMPILER_APPICON_NAME = AppIcon;
				INFOPLIST_FILE = DinePro/Info.plist;
				LD_RUNPATH_SEARCH_PATHS = "$(inherited) @executable_path/Frameworks";
				PRODUCT_BUNDLE_IDENTIFIER = com.shiyaowu.DinePro;
				PRODUCT_NAME = "$(TARGET_NAME)";
			};
			name = Release;
		};
		E7422F4D1BF7250200EA8455 /* Debug */ = {
			isa = XCBuildConfiguration;
			buildSettings = {
				BUNDLE_LOADER = "$(TEST_HOST)";
				INFOPLIST_FILE = DineProTests/Info.plist;
				LD_RUNPATH_SEARCH_PATHS = "$(inherited) @executable_path/Frameworks @loader_path/Frameworks";
				PRODUCT_BUNDLE_IDENTIFIER = com.shiyaowu.DineProTests;
				PRODUCT_NAME = "$(TARGET_NAME)";
				TEST_HOST = "$(BUILT_PRODUCTS_DIR)/DinePro.app/DinePro";
			};
			name = Debug;
		};
		E7422F4E1BF7250200EA8455 /* Release */ = {
			isa = XCBuildConfiguration;
			buildSettings = {
				BUNDLE_LOADER = "$(TEST_HOST)";
				INFOPLIST_FILE = DineProTests/Info.plist;
				LD_RUNPATH_SEARCH_PATHS = "$(inherited) @executable_path/Frameworks @loader_path/Frameworks";
				PRODUCT_BUNDLE_IDENTIFIER = com.shiyaowu.DineProTests;
				PRODUCT_NAME = "$(TARGET_NAME)";
				TEST_HOST = "$(BUILT_PRODUCTS_DIR)/DinePro.app/DinePro";
			};
			name = Release;
		};
		E7422F501BF7250200EA8455 /* Debug */ = {
			isa = XCBuildConfiguration;
			buildSettings = {
				INFOPLIST_FILE = DineProUITests/Info.plist;
				LD_RUNPATH_SEARCH_PATHS = "$(inherited) @executable_path/Frameworks @loader_path/Frameworks";
				PRODUCT_BUNDLE_IDENTIFIER = com.shiyaowu.DineProUITests;
				PRODUCT_NAME = "$(TARGET_NAME)";
				TEST_TARGET_NAME = DinePro;
				USES_XCTRUNNER = YES;
			};
			name = Debug;
		};
		E7422F511BF7250200EA8455 /* Release */ = {
			isa = XCBuildConfiguration;
			buildSettings = {
				INFOPLIST_FILE = DineProUITests/Info.plist;
				LD_RUNPATH_SEARCH_PATHS = "$(inherited) @executable_path/Frameworks @loader_path/Frameworks";
				PRODUCT_BUNDLE_IDENTIFIER = com.shiyaowu.DineProUITests;
				PRODUCT_NAME = "$(TARGET_NAME)";
				TEST_TARGET_NAME = DinePro;
				USES_XCTRUNNER = YES;
			};
			name = Release;
		};
/* End XCBuildConfiguration section */

/* Begin XCConfigurationList section */
		E7422F1C1BF7250200EA8455 /* Build configuration list for PBXProject "DinePro" */ = {
			isa = XCConfigurationList;
			buildConfigurations = (
				E7422F471BF7250200EA8455 /* Debug */,
				E7422F481BF7250200EA8455 /* Release */,
			);
			defaultConfigurationIsVisible = 0;
			defaultConfigurationName = Release;
		};
		E7422F491BF7250200EA8455 /* Build configuration list for PBXNativeTarget "DinePro" */ = {
			isa = XCConfigurationList;
			buildConfigurations = (
				E7422F4A1BF7250200EA8455 /* Debug */,
				E7422F4B1BF7250200EA8455 /* Release */,
			);
			defaultConfigurationIsVisible = 0;
			defaultConfigurationName = Release;
		};
		E7422F4C1BF7250200EA8455 /* Build configuration list for PBXNativeTarget "DineProTests" */ = {
			isa = XCConfigurationList;
			buildConfigurations = (
				E7422F4D1BF7250200EA8455 /* Debug */,
				E7422F4E1BF7250200EA8455 /* Release */,
			);
			defaultConfigurationIsVisible = 0;
			defaultConfigurationName = Release;
		};
		E7422F4F1BF7250200EA8455 /* Build configuration list for PBXNativeTarget "DineProUITests" */ = {
			isa = XCConfigurationList;
			buildConfigurations = (
				E7422F501BF7250200EA8455 /* Debug */,
				E7422F511BF7250200EA8455 /* Release */,
			);
			defaultConfigurationIsVisible = 0;
			defaultConfigurationName = Release;
		};
/* End XCConfigurationList section */
	};
	rootObject = E7422F191BF7250200EA8455 /* Project object */;
}
